# THIS IS AN AUTOGENERATED FILE. DO NOT EDIT THIS FILE DIRECTLY.
# yarn lockfile v1


"@thi.ng/api@^8.12.7":
  version "8.12.7"
  resolved "https://registry.yarnpkg.com/@thi.ng/api/-/api-8.12.7.tgz#ef4d940b3e11e3ea1a19ccb2a4580acdd1e50e6a"
  integrity sha512-FZf3hBfkJxKogUJgph0vWofd6kwNrZwY+12a0Mcj9ikt+LRtv3QeIciVhkkKLzCC8QAmRzLTTp2s021ZZa6vDg==

"@thi.ng/arrays@^2.13.16":
  version "2.13.16"
  resolved "https://registry.yarnpkg.com/@thi.ng/arrays/-/arrays-2.13.16.tgz#1bfa09178669af5155925a41870a518917d0ef6f"
  integrity sha512-d1r+89L3/Pqb0xbJcnENVhNMzWb9kKRv8dkt3Q9LDxwMhgsObr4q/msl9WiobjugOi+NzXEGC8elSJGFqji42Q==
  dependencies:
    "@thi.ng/api" "^8.12.7"
    "@thi.ng/checks" "^3.7.23"
    "@thi.ng/compare" "^2.4.33"
    "@thi.ng/equiv" "^2.1.97"
    "@thi.ng/errors" "^2.5.47"
    "@thi.ng/random" "^4.1.32"

"@thi.ng/checks@^3.7.23":
  version "3.7.23"
  resolved "https://registry.yarnpkg.com/@thi.ng/checks/-/checks-3.7.23.tgz#d65bc1e81a769ffa49dbf033194e716082155100"
  integrity sha512-bGUBoYUWUZHXTG2ZlhSO86ofDjHnGxP+s9k3UJ2N1lzZ5fbyb1G6SppcIwBOw67KeEiMLb2BK7rBd5sUCyQ5OQ==

"@thi.ng/compare@^2.4.33":
  version "2.4.33"
  resolved "https://registry.yarnpkg.com/@thi.ng/compare/-/compare-2.4.33.tgz#eeb97a8bcf1c30216da7c9f1f83bd0bb3e55b2d1"
  integrity sha512-CgQPuzHzH/K30iKLSW2QL5KLgPtq4lteObdIFYyyFuAB4D7IqHmsPY9hC7XemQGBz5kdE8JTuDiW6V1Ug2ReyA==
  dependencies:
    "@thi.ng/api" "^8.12.7"

"@thi.ng/compose@^3.0.44":
  version "3.0.44"
  resolved "https://registry.yarnpkg.com/@thi.ng/compose/-/compose-3.0.44.tgz#01ed22aa2a68e5beb87873fbfdcff2057931d05b"
  integrity sha512-P+Rqh3mkkQu43W0UTwvln/twSfNXJn6QQStzWUHpyJmUEvoyR3x1RRVx6eGUY6sWG7oNhhsuV0sGvnSQBiCRpw==
  dependencies:
    "@thi.ng/api" "^8.12.7"
    "@thi.ng/errors" "^2.5.47"

"@thi.ng/equiv@^2.1.97":
  version "2.1.97"
  resolved "https://registry.yarnpkg.com/@thi.ng/equiv/-/equiv-2.1.97.tgz#7ef39cbb71680a803353ce3cdcba55a61ab21d25"
  integrity sha512-/2aCGXAVOSr47MHQsPH8mKfBTexXADurauhyO9iLI0ahFxi5qchMj6gltN+CSAbZ211kovY7gaJQ1j6i8xGlLA==

"@thi.ng/errors@^2.5.47":
  version "2.5.47"
  resolved "https://registry.yarnpkg.com/@thi.ng/errors/-/errors-2.5.47.tgz#c6618a34e8cb617f62764924028f32529136ea94"
  integrity sha512-7UmCduMzb8HYZ1g26cvBNUvwquY48QhrAA7n8Ic5VdrpFvjuBIzS8hPtzCeXpnl59tdWdkYQflp9BdKBd3Y6MQ==

"@thi.ng/file-io@^2.2.16":
  version "2.2.16"
  resolved "https://registry.yarnpkg.com/@thi.ng/file-io/-/file-io-2.2.16.tgz#c120e7823c67e1188ffe3e6e8970971d6d582571"
  integrity sha512-95EnX2Saa4+Q4Q22zOeYXmpDk4oGh73ritLfVO98pAkcN6kvmg/AzGo4JsGL9ugC0DOP5Qx8/9ywgmGk5XgWpw==
  dependencies:
    "@thi.ng/api" "^8.12.7"
    "@thi.ng/checks" "^3.7.23"
    "@thi.ng/hex" "^2.3.85"
    "@thi.ng/logger" "^3.2.6"
    "@thi.ng/random" "^4.1.32"

"@thi.ng/hex@^2.3.85":
  version "2.3.85"
  resolved "https://registry.yarnpkg.com/@thi.ng/hex/-/hex-2.3.85.tgz#4f0d6a37cff7c8b43c7e52862129a4f8712824f8"
  integrity sha512-kGK7J50G5eij7RgRtJkIPoNQvUOnxysZVoOe2WFi+w+ZAco8OAQ+XwvxZj7VsvmlNDVp0vtpCBMaMpUAt02+/Q==

"@thi.ng/logger@^3.2.6":
  version "3.2.6"
  resolved "https://registry.yarnpkg.com/@thi.ng/logger/-/logger-3.2.6.tgz#74e4ec59a0d3a2d3272a1e67eedbaa0a99273efc"
  integrity sha512-oLuUmXfZoVQ51sDZ/AV0dFCIUlk3VAzmql8g4+/A/8zeyTv5xp3Lz+Pnqrf2xfLsXbAseH993YR08FAakVwhiQ==

"@thi.ng/markdown-table@^1.0.40":
  version "1.0.40"
  resolved "https://registry.yarnpkg.com/@thi.ng/markdown-table/-/markdown-table-1.0.40.tgz#9c90af66f54992d48a113c8ed8a4f553e691fb4f"
  integrity sha512-s2GYSv8LOfOJvsJDs51GoYaComoiOs8wI3E01H42RdzSRHLuW/gq1JF/YhRy72I0qnvlH0DyNGFNHI/OgyhAqg==
  dependencies:
    "@thi.ng/api" "^8.12.7"
    "@thi.ng/checks" "^3.7.23"
    "@thi.ng/compose" "^3.0.44"
    "@thi.ng/errors" "^2.5.47"
    "@thi.ng/strings" "^3.9.27"
    "@thi.ng/transducers" "^9.6.15"

"@thi.ng/math@^5.13.4":
  version "5.13.4"
  resolved "https://registry.yarnpkg.com/@thi.ng/math/-/math-5.13.4.tgz#b1dd089f9d87a82b4b6b7484c034cd910869b64b"
  integrity sha512-RaVmx0tWwpkxUijXfFsz0zR/JCVOD8W0lmNgCGdY9v5BqGAkIEOZwffbBfuLGQsPNrM5Qepofz+EC17hiyXIpQ==
  dependencies:
    "@thi.ng/api" "^8.12.7"

"@thi.ng/memoize@^4.0.31":
  version "4.0.31"
  resolved "https://registry.yarnpkg.com/@thi.ng/memoize/-/memoize-4.0.31.tgz#132ba4f817ffcca10b1f53ddc026c674225d4e7a"
  integrity sha512-Om42EzViIntqDqL881X/bctQM+rzCUUMaMRFFhFlOiMD/q5QMGZAnIN9ltIf4pi3MZms2EZOfi70zrit8zHoRw==
  dependencies:
    "@thi.ng/api" "^8.12.7"

"@thi.ng/paths@^5.2.26":
  version "5.2.26"
  resolved "https://registry.yarnpkg.com/@thi.ng/paths/-/paths-5.2.26.tgz#88916f580f7ec4b5e4fcd630617c6320085843c8"
  integrity sha512-irHwzP338Das9n8vv9U5bpP4oakZYVd008RkzEVx+WIpLfp1T1ZN2yYIC3cQDrEyjtYk2SLVUHN89iwUk2QRJQ==
  dependencies:
    "@thi.ng/api" "^8.12.7"
    "@thi.ng/checks" "^3.7.23"
    "@thi.ng/errors" "^2.5.47"

"@thi.ng/random@^4.1.32":
  version "4.1.32"
  resolved "https://registry.yarnpkg.com/@thi.ng/random/-/random-4.1.32.tgz#505aa91c141de7da1f830f184392bb0f8d1b15a2"
  integrity sha512-y3/9sF4mxAKISpt0/vbKBXeqbRLhUQqSOWiF1QIuXkWSplJfRX2uk+OhT5smwbnO0Gue86oGHVi47a+anySh3A==
  dependencies:
    "@thi.ng/api" "^8.12.7"
    "@thi.ng/errors" "^2.5.47"

"@thi.ng/strings@^3.9.27":
  version "3.9.27"
  resolved "https://registry.yarnpkg.com/@thi.ng/strings/-/strings-3.9.27.tgz#9d06f2ada5857dc00b05a335f8079f7a3dc3a513"
  integrity sha512-wmt7Eq0Kgai+KVXcQYHReX5GifPMGbjhyFSaunhu/WGgOxSJrLCQm1i0R+wmqEMwEZXI0R0xFMRkE90Wnc2WvA==
  dependencies:
    "@thi.ng/api" "^8.12.7"
    "@thi.ng/errors" "^2.5.47"
    "@thi.ng/hex" "^2.3.85"
    "@thi.ng/memoize" "^4.0.31"

"@thi.ng/timestamp@^1.1.26":
  version "1.1.26"
  resolved "https://registry.yarnpkg.com/@thi.ng/timestamp/-/timestamp-1.1.26.tgz#bf60a9d41c83d324c8207608eab0f88fa113b593"
  integrity sha512-sk+602aBt6Jl3qqzDuglezReNrzigTexOl+Jc/2/nZZbV7BR/Erz1LPLeVhSijk53Kya6rpQvaiARwCs+oXPpQ==

"@thi.ng/transclude@^1.1.39":
  version "1.1.39"
  resolved "https://registry.yarnpkg.com/@thi.ng/transclude/-/transclude-1.1.39.tgz#6ce719de9540fd0608f6326a40582a7eb39a8a56"
  integrity sha512-zmP9wVjT8wWqGAuD8nHE8KfA2sWa0vP8ADN5TeUVuWLDHd3X3tNoCi7rPdpJlNxm9uOh68yUTOuMuC4XLLlCHg==
  dependencies:
    "@thi.ng/api" "^8.12.7"
    "@thi.ng/checks" "^3.7.23"
    "@thi.ng/errors" "^2.5.47"
    "@thi.ng/file-io" "^2.2.16"
    "@thi.ng/logger" "^3.2.6"
    "@thi.ng/strings" "^3.9.27"
    "@thi.ng/transducers" "^9.6.15"

"@thi.ng/transducers@^9.6.15":
  version "9.6.15"
  resolved "https://registry.yarnpkg.com/@thi.ng/transducers/-/transducers-9.6.15.tgz#d40de24c439722a37d51d4f3f995066329315c5f"
  integrity sha512-Uvrcs9iXFdVtGhNCBnji62yFqU+gaZWR99s5yNwhYw/vGOkSjqzt7M+zXvhdPLqHXPQpEV4ih3W1VP+OZv4Q6g==
  dependencies:
    "@thi.ng/api" "^8.12.7"
    "@thi.ng/arrays" "^2.13.16"
    "@thi.ng/checks" "^3.7.23"
    "@thi.ng/compare" "^2.4.33"
    "@thi.ng/compose" "^3.0.44"
    "@thi.ng/errors" "^2.5.47"
    "@thi.ng/math" "^5.13.4"
    "@thi.ng/random" "^4.1.32"
    "@thi.ng/timestamp" "^1.1.26"

typescript@^5.9.3:
  version "5.9.3"
  resolved "https://registry.yarnpkg.com/typescript/-/typescript-5.9.3.tgz#5b4f59e15310ab17a216f5d6cf53ee476ede670f"
  integrity sha512-jl1vZzPDinLr9eUt3J/t7V6FgNEw9QjvBPdysz9KfQDD41fQrC2Y4vKQdiaUpFT4bXlb1RHhLpp8wtm6M5TgSw==
